{
  "name": "math-vocab",
  "version": "1.0.0",
  "lockfileVersion": 3,
  "requires": true,
  "packages": {
    "": {
      "name": "math-vocab",
      "version": "1.0.0",
      "license": "CC-BY-NC-4.0",
      "dependencies": {
        "cuelume": "^0.2.1"
      },
      "engines": {
        "node": ">=18"
      }
    },
    "node_modules/cuelume": {
      "version": "0.2.1",
      "resolved": "https://registry.npmjs.org/cuelume/-/cuelume-0.2.1.tgz",
      "integrity": "sha512-UFN5GtPRhnkL55r5rz7oalgy72XTtV50QqOec3+wHer0O1hlwOteej99dlRxeFX2ViLUD/CpCu47v5XCTa2tEQ==",
      "license": "MIT"
    }
  }
}
